
Microsoft Visual Studio Solution File, Format Version 12.00
# Visual Studio Version 16
VisualStudioVersion = 16.0.31229.75
MinimumVisualStudioVersion = 10.0.40219.1
Project("{FAE04EC0-301F-11D3-BF4B-00C04F79EFBC}") = "Muck Cheat Injector", "Muck Cheat Injector\Muck Cheat Injector.csproj", "{026176F3-0CFB-417D-8479-4F93FB04A434}"
EndProject
Project("{9A19103F-16F7-4668-BE54-9A1E7A4F7556}") = "SharpMonoInjector", "SharpMonoInjector\SharpMonoInjector.csproj", "{7FF0A684-DFC4-40C6-AF12-D13CF9A5184F}"
EndProject
Global
	GlobalSection(SolutionConfigurationPlatforms) = preSolution
		Debug|Any CPU = Debug|Any CPU
		Release|Any CPU = Release|Any CPU
	EndGlobalSection
	GlobalSection(ProjectConfigurationPlatforms) = postSolution
		{026176F3-0CFB-417D-8479-4F93FB04A434}.Debug|Any CPU.ActiveCfg = Debug|Any CPU
		{026176F3-0CFB-417D-8479-4F93FB04A434}.Debug|Any CPU.Build.0 = Debug|Any CPU
		{026176F3-0CFB-417D-8479-4F93FB04A434}.Release|Any CPU.ActiveCfg = Release|Any CPU
		{026176F3-0CFB-417D-8479-4F93FB04A434}.Release|Any CPU.Build.0 = Release|Any CPU
		{7FF0A684-DFC4-40C6-AF12-D13CF9A5184F}.Debug|Any CPU.ActiveCfg = Debug|Any CPU
		{7FF0A684-DFC4-40C6-AF12-D13CF9A5184F}.Debug|Any CPU.Build.0 = Debug|Any CPU
		{7FF0A684-DFC4-40C6-AF12-D13CF9A5184F}.Release|Any CPU.ActiveCfg = Release|Any CPU
		{7FF0A684-DFC4-40C6-AF12-D13CF9A5184F}.Release|Any CPU.Build.0 = Release|Any CPU
	EndGlobalSection
	GlobalSection(SolutionProperties) = preSolution
		HideSolutionNode = FALSE
	EndGlobalSection
	GlobalSection(ExtensibilityGlobals) = postSolution
		SolutionGuid = {2D4FA69B-897D-4B9A-826C-B3F4E16E7A15}
	EndGlobalSection
EndGlobal
